
Microsoft Visual Studio Solution File, Format Version 12.00
# Visual Studio Version 17
VisualStudioVersion = 17.0.31903.59
MinimumVisualStudioVersion = 10.0.40219.1
Project("{2150E333-8FDC-42A3-9474-1A3956D46DE8}") = "src", "src", "{479EA6C2-A071-430F-ABDD-421B45AC213D}"
EndProject
Project("{2150E333-8FDC-42A3-9474-1A3956D46DE8}") = "tests", "tests", "{6E385C23-100A-42C8-ABE7-940ACC0A0E1C}"
EndProject
Project("{9A19103F-16F7-4668-BE54-9A1E7A4F7556}") = "OrderFlow.BuildingBlocks", "src\BuildingBlocks\OrderFlow.BuildingBlocks.csproj", "{E96883B0-173E-4AD8-8B83-8EF3C171017F}"
EndProject
Project("{9A19103F-16F7-4668-BE54-9A1E7A4F7556}") = "OrderFlow.Orders.Domain", "src\Orders\Orders.Domain\OrderFlow.Orders.Domain.csproj", "{A635C5C0-E27F-4B44-A252-D1D7099083D1}"
EndProject
Project("{9A19103F-16F7-4668-BE54-9A1E7A4F7556}") = "OrderFlow.Orders.Infrastructure", "src\Orders\Orders.Infrastructure\OrderFlow.Orders.Infrastructure.csproj", "{F3BB6C19-DEE5-4555-AA08-D6F78BB767E6}"
EndProject
Project("{9A19103F-16F7-4668-BE54-9A1E7A4F7556}") = "OrderFlow.Orders.Api", "src\Orders\Orders.Api\OrderFlow.Orders.Api.csproj", "{9C343CD6-E32C-4A43-9A30-63F75C1B07F6}"
EndProject
Project("{9A19103F-16F7-4668-BE54-9A1E7A4F7556}") = "OrderFlow.Inventory.Domain", "src\Inventory\Inventory.Domain\OrderFlow.Inventory.Domain.csproj", "{3A3D2368-F5CB-454D-B430-FF3AA141FAFF}"
EndProject
Project("{9A19103F-16F7-4668-BE54-9A1E7A4F7556}") = "OrderFlow.Inventory.Infrastructure", "src\Inventory\Inventory.Infrastructure\OrderFlow.Inventory.Infrastructure.csproj", "{E1D4BCE6-653D-4D1B-A8DE-48E198159A0A}"
EndProject
Project("{9A19103F-16F7-4668-BE54-9A1E7A4F7556}") = "OrderFlow.Inventory.Worker", "src\Inventory\Inventory.Worker\OrderFlow.Inventory.Worker.csproj", "{7A7D75B1-5F04-44D0-AD14-BA52759E4666}"
EndProject
Project("{9A19103F-16F7-4668-BE54-9A1E7A4F7556}") = "OrderFlow.Orders.Tests", "tests\Orders.Tests\OrderFlow.Orders.Tests.csproj", "{CAE08A01-E490-472A-93FD-8F7B2FE1E5FB}"
EndProject
Project("{9A19103F-16F7-4668-BE54-9A1E7A4F7556}") = "OrderFlow.Inventory.Tests", "tests\Inventory.Tests\OrderFlow.Inventory.Tests.csproj", "{39F06FFF-6E69-4DF3-998F-BB40B19E211F}"
EndProject
Project("{FAE04EC0-301F-11D3-BF4B-00C04F79EFBC}") = "OrderFlow.IntegrationTests", "tests\OrderFlow.IntegrationTests\OrderFlow.IntegrationTests.csproj", "{754BD214-FDE9-456D-AB81-F56370D463D2}"
EndProject
Project("{2150E333-8FDC-42A3-9474-1A3956D46DE8}") = "Inventory", "Inventory", "{FF23A989-AEEE-7FA4-D68C-814E969819DE}"
EndProject
Project("{2150E333-8FDC-42A3-9474-1A3956D46DE8}") = "Inventory.Domain", "Inventory.Domain", "{1EDBFCD5-75C6-A9A3-FBBB-5948CC2BC70F}"
EndProject
Project("{2150E333-8FDC-42A3-9474-1A3956D46DE8}") = "Inventory.Infrastructure", "Inventory.Infrastructure", "{F1159B11-9D3C-A9F8-5441-F00EFF9144BC}"
EndProject
Project("{2150E333-8FDC-42A3-9474-1A3956D46DE8}") = "BuildingBlocks", "BuildingBlocks", "{61C74D48-DF0E-9358-6E5A-632461AEC3CB}"
EndProject
Global
	GlobalSection(SolutionConfigurationPlatforms) = preSolution
		Debug|Any CPU = Debug|Any CPU
		Debug|x64 = Debug|x64
		Debug|x86 = Debug|x86
		Release|Any CPU = Release|Any CPU
		Release|x64 = Release|x64
		Release|x86 = Release|x86
	EndGlobalSection
	GlobalSection(ProjectConfigurationPlatforms) = postSolution
		{E96883B0-173E-4AD8-8B83-8EF3C171017F}.Debug|Any CPU.ActiveCfg = Debug|Any CPU
		{E96883B0-173E-4AD8-8B83-8EF3C171017F}.Debug|Any CPU.Build.0 = Debug|Any CPU
		{E96883B0-173E-4AD8-8B83-8EF3C171017F}.Debug|x64.ActiveCfg = Debug|Any CPU
		{E96883B0-173E-4AD8-8B83-8EF3C171017F}.Debug|x64.Build.0 = Debug|Any CPU
		{E96883B0-173E-4AD8-8B83-8EF3C171017F}.Debug|x86.ActiveCfg = Debug|Any CPU
		{E96883B0-173E-4AD8-8B83-8EF3C171017F}.Debug|x86.Build.0 = Debug|Any CPU
		{E96883B0-173E-4AD8-8B83-8EF3C171017F}.Release|Any CPU.ActiveCfg = Release|Any CPU
		{E96883B0-173E-4AD8-8B83-8EF3C171017F}.Release|Any CPU.Build.0 = Release|Any CPU
		{E96883B0-173E-4AD8-8B83-8EF3C171017F}.Release|x64.ActiveCfg = Release|Any CPU
		{E96883B0-173E-4AD8-8B83-8EF3C171017F}.Release|x64.Build.0 = Release|Any CPU
		{E96883B0-173E-4AD8-8B83-8EF3C171017F}.Release|x86.ActiveCfg = Release|Any CPU
		{E96883B0-173E-4AD8-8B83-8EF3C171017F}.Release|x86.Build.0 = Release|Any CPU
		{A635C5C0-E27F-4B44-A252-D1D7099083D1}.Debug|Any CPU.ActiveCfg = Debug|Any CPU
		{A635C5C0-E27F-4B44-A252-D1D7099083D1}.Debug|Any CPU.Build.0 = Debug|Any CPU
		{A635C5C0-E27F-4B44-A252-D1D7099083D1}.Debug|x64.ActiveCfg = Debug|Any CPU
		{A635C5C0-E27F-4B44-A252-D1D7099083D1}.Debug|x64.Build.0 = Debug|Any CPU
		{A635C5C0-E27F-4B44-A252-D1D7099083D1}.Debug|x86.ActiveCfg = Debug|Any CPU
		{A635C5C0-E27F-4B44-A252-D1D7099083D1}.Debug|x86.Build.0 = Debug|Any CPU
		{A635C5C0-E27F-4B44-A252-D1D7099083D1}.Release|Any CPU.ActiveCfg = Release|Any CPU
		{A635C5C0-E27F-4B44-A252-D1D7099083D1}.Release|Any CPU.Build.0 = Release|Any CPU
		{A635C5C0-E27F-4B44-A252-D1D7099083D1}.Release|x64.ActiveCfg = Release|Any CPU
		{A635C5C0-E27F-4B44-A252-D1D7099083D1}.Release|x64.Build.0 = Release|Any CPU
		{A635C5C0-E27F-4B44-A252-D1D7099083D1}.Release|x86.ActiveCfg = Release|Any CPU
		{A635C5C0-E27F-4B44-A252-D1D7099083D1}.Release|x86.Build.0 = Release|Any CPU
		{F3BB6C19-DEE5-4555-AA08-D6F78BB767E6}.Debug|Any CPU.ActiveCfg = Debug|Any CPU
		{F3BB6C19-DEE5-4555-AA08-D6F78BB767E6}.Debug|Any CPU.Build.0 = Debug|Any CPU
		{F3BB6C19-DEE5-4555-AA08-D6F78BB767E6}.Debug|x64.ActiveCfg = Debug|Any CPU
		{F3BB6C19-DEE5-4555-AA08-D6F78BB767E6}.Debug|x64.Build.0 = Debug|Any CPU
		{F3BB6C19-DEE5-4555-AA08-D6F78BB767E6}.Debug|x86.ActiveCfg = Debug|Any CPU
		{F3BB6C19-DEE5-4555-AA08-D6F78BB767E6}.Debug|x86.Build.0 = Debug|Any CPU
		{F3BB6C19-DEE5-4555-AA08-D6F78BB767E6}.Release|Any CPU.ActiveCfg = Release|Any CPU
		{F3BB6C19-DEE5-4555-AA08-D6F78BB767E6}.Release|Any CPU.Build.0 = Release|Any CPU
		{F3BB6C19-DEE5-4555-AA08-D6F78BB767E6}.Release|x64.ActiveCfg = Release|Any CPU
		{F3BB6C19-DEE5-4555-AA08-D6F78BB767E6}.Release|x64.Build.0 = Release|Any CPU
		{F3BB6C19-DEE5-4555-AA08-D6F78BB767E6}.Release|x86.ActiveCfg = Release|Any CPU
		{F3BB6C19-DEE5-4555-AA08-D6F78BB767E6}.Release|x86.Build.0 = Release|Any CPU
		{9C343CD6-E32C-4A43-9A30-63F75C1B07F6}.Debug|Any CPU.ActiveCfg = Debug|Any CPU
		{9C343CD6-E32C-4A43-9A30-63F75C1B07F6}.Debug|Any CPU.Build.0 = Debug|Any CPU
		{9C343CD6-E32C-4A43-9A30-63F75C1B07F6}.Debug|x64.ActiveCfg = Debug|Any CPU
		{9C343CD6-E32C-4A43-9A30-63F75C1B07F6}.Debug|x64.Build.0 = Debug|Any CPU
		{9C343CD6-E32C-4A43-9A30-63F75C1B07F6}.Debug|x86.ActiveCfg = Debug|Any CPU
		{9C343CD6-E32C-4A43-9A30-63F75C1B07F6}.Debug|x86.Build.0 = Debug|Any CPU
		{9C343CD6-E32C-4A43-9A30-63F75C1B07F6}.Release|Any CPU.ActiveCfg = Release|Any CPU
		{9C343CD6-E32C-4A43-9A30-63F75C1B07F6}.Release|Any CPU.Build.0 = Release|Any CPU
		{9C343CD6-E32C-4A43-9A30-63F75C1B07F6}.Release|x64.ActiveCfg = Release|Any CPU
		{9C343CD6-E32C-4A43-9A30-63F75C1B07F6}.Release|x64.Build.0 = Release|Any CPU
		{9C343CD6-E32C-4A43-9A30-63F75C1B07F6}.Release|x86.ActiveCfg = Release|Any CPU
		{9C343CD6-E32C-4A43-9A30-63F75C1B07F6}.Release|x86.Build.0 = Release|Any CPU
		{3A3D2368-F5CB-454D-B430-FF3AA141FAFF}.Debug|Any CPU.ActiveCfg = Debug|Any CPU
		{3A3D2368-F5CB-454D-B430-FF3AA141FAFF}.Debug|Any CPU.Build.0 = Debug|Any CPU
		{3A3D2368-F5CB-454D-B430-FF3AA141FAFF}.Debug|x64.ActiveCfg = Debug|Any CPU
		{3A3D2368-F5CB-454D-B430-FF3AA141FAFF}.Debug|x64.Build.0 = Debug|Any CPU
		{3A3D2368-F5CB-454D-B430-FF3AA141FAFF}.Debug|x86.ActiveCfg = Debug|Any CPU
		{3A3D2368-F5CB-454D-B430-FF3AA141FAFF}.Debug|x86.Build.0 = Debug|Any CPU
		{3A3D2368-F5CB-454D-B430-FF3AA141FAFF}.Release|Any CPU.ActiveCfg = Release|Any CPU
		{3A3D2368-F5CB-454D-B430-FF3AA141FAFF}.Release|Any CPU.Build.0 = Release|Any CPU
		{3A3D2368-F5CB-454D-B430-FF3AA141FAFF}.Release|x64.ActiveCfg = Release|Any CPU
		{3A3D2368-F5CB-454D-B430-FF3AA141FAFF}.Release|x64.Build.0 = Release|Any CPU
		{3A3D2368-F5CB-454D-B430-FF3AA141FAFF}.Release|x86.ActiveCfg = Release|Any CPU
		{3A3D2368-F5CB-454D-B430-FF3AA141FAFF}.Release|x86.Build.0 = Release|Any CPU
		{E1D4BCE6-653D-4D1B-A8DE-48E198159A0A}.Debug|Any CPU.ActiveCfg = Debug|Any CPU
		{E1D4BCE6-653D-4D1B-A8DE-48E198159A0A}.Debug|Any CPU.Build.0 = Debug|Any CPU
		{E1D4BCE6-653D-4D1B-A8DE-48E198159A0A}.Debug|x64.ActiveCfg = Debug|Any CPU
		{E1D4BCE6-653D-4D1B-A8DE-48E198159A0A}.Debug|x64.Build.0 = Debug|Any CPU
		{E1D4BCE6-653D-4D1B-A8DE-48E198159A0A}.Debug|x86.ActiveCfg = Debug|Any CPU
		{E1D4BCE6-653D-4D1B-A8DE-48E198159A0A}.Debug|x86.Build.0 = Debug|Any CPU
		{E1D4BCE6-653D-4D1B-A8DE-48E198159A0A}.Release|Any CPU.ActiveCfg = Release|Any CPU
		{E1D4BCE6-653D-4D1B-A8DE-48E198159A0A}.Release|Any CPU.Build.0 = Release|Any CPU
		{E1D4BCE6-653D-4D1B-A8DE-48E198159A0A}.Release|x64.ActiveCfg = Release|Any CPU
		{E1D4BCE6-653D-4D1B-A8DE-48E198159A0A}.Release|x64.Build.0 = Release|Any CPU
		{E1D4BCE6-653D-4D1B-A8DE-48E198159A0A}.Release|x86.ActiveCfg = Release|Any CPU
		{E1D4BCE6-653D-4D1B-A8DE-48E198159A0A}.Release|x86.Build.0 = Release|Any CPU
		{7A7D75B1-5F04-44D0-AD14-BA52759E4666}.Debug|Any CPU.ActiveCfg = Debug|Any CPU
		{7A7D75B1-5F04-44D0-AD14-BA52759E4666}.Debug|Any CPU.Build.0 = Debug|Any CPU
		{7A7D75B1-5F04-44D0-AD14-BA52759E4666}.Debug|x64.ActiveCfg = Debug|Any CPU
		{7A7D75B1-5F04-44D0-AD14-BA52759E4666}.Debug|x64.Build.0 = Debug|Any CPU
		{7A7D75B1-5F04-44D0-AD14-BA52759E4666}.Debug|x86.ActiveCfg = Debug|Any CPU
		{7A7D75B1-5F04-44D0-AD14-BA52759E4666}.Debug|x86.Build.0 = Debug|Any CPU
		{7A7D75B1-5F04-44D0-AD14-BA52759E4666}.Release|Any CPU.ActiveCfg = Release|Any CPU
		{7A7D75B1-5F04-44D0-AD14-BA52759E4666}.Release|Any CPU.Build.0 = Release|Any CPU
		{7A7D75B1-5F04-44D0-AD14-BA52759E4666}.Release|x64.ActiveCfg = Release|Any CPU
		{7A7D75B1-5F04-44D0-AD14-BA52759E4666}.Release|x64.Build.0 = Release|Any CPU
		{7A7D75B1-5F04-44D0-AD14-BA52759E4666}.Release|x86.ActiveCfg = Release|Any CPU
		{7A7D75B1-5F04-44D0-AD14-BA52759E4666}.Release|x86.Build.0 = Release|Any CPU
		{CAE08A01-E490-472A-93FD-8F7B2FE1E5FB}.Debug|Any CPU.ActiveCfg = Debug|Any CPU
		{CAE08A01-E490-472A-93FD-8F7B2FE1E5FB}.Debug|Any CPU.Build.0 = Debug|Any CPU
		{CAE08A01-E490-472A-93FD-8F7B2FE1E5FB}.Debug|x64.ActiveCfg = Debug|Any CPU
		{CAE08A01-E490-472A-93FD-8F7B2FE1E5FB}.Debug|x64.Build.0 = Debug|Any CPU
		{CAE08A01-E490-472A-93FD-8F7B2FE1E5FB}.Debug|x86.ActiveCfg = Debug|Any CPU
		{CAE08A01-E490-472A-93FD-8F7B2FE1E5FB}.Debug|x86.Build.0 = Debug|Any CPU
		{CAE08A01-E490-472A-93FD-8F7B2FE1E5FB}.Release|Any CPU.ActiveCfg = Release|Any CPU
		{CAE08A01-E490-472A-93FD-8F7B2FE1E5FB}.Release|Any CPU.Build.0 = Release|Any CPU
		{CAE08A01-E490-472A-93FD-8F7B2FE1E5FB}.Release|x64.ActiveCfg = Release|Any CPU
		{CAE08A01-E490-472A-93FD-8F7B2FE1E5FB}.Release|x64.Build.0 = Release|Any CPU
		{CAE08A01-E490-472A-93FD-8F7B2FE1E5FB}.Release|x86.ActiveCfg = Release|Any CPU
		{CAE08A01-E490-472A-93FD-8F7B2FE1E5FB}.Release|x86.Build.0 = Release|Any CPU
		{39F06FFF-6E69-4DF3-998F-BB40B19E211F}.Debug|Any CPU.ActiveCfg = Debug|Any CPU
		{39F06FFF-6E69-4DF3-998F-BB40B19E211F}.Debug|Any CPU.Build.0 = Debug|Any CPU
		{39F06FFF-6E69-4DF3-998F-BB40B19E211F}.Debug|x64.ActiveCfg = Debug|Any CPU
		{39F06FFF-6E69-4DF3-998F-BB40B19E211F}.Debug|x64.Build.0 = Debug|Any CPU
		{39F06FFF-6E69-4DF3-998F-BB40B19E211F}.Debug|x86.ActiveCfg = Debug|Any CPU
		{39F06FFF-6E69-4DF3-998F-BB40B19E211F}.Debug|x86.Build.0 = Debug|Any CPU
		{39F06FFF-6E69-4DF3-998F-BB40B19E211F}.Release|Any CPU.ActiveCfg = Release|Any CPU
		{39F06FFF-6E69-4DF3-998F-BB40B19E211F}.Release|Any CPU.Build.0 = Release|Any CPU
		{39F06FFF-6E69-4DF3-998F-BB40B19E211F}.Release|x64.ActiveCfg = Release|Any CPU
		{39F06FFF-6E69-4DF3-998F-BB40B19E211F}.Release|x64.Build.0 = Release|Any CPU
		{39F06FFF-6E69-4DF3-998F-BB40B19E211F}.Release|x86.ActiveCfg = Release|Any CPU
		{39F06FFF-6E69-4DF3-998F-BB40B19E211F}.Release|x86.Build.0 = Release|Any CPU
		{754BD214-FDE9-456D-AB81-F56370D463D2}.Debug|Any CPU.ActiveCfg = Debug|Any CPU
		{754BD214-FDE9-456D-AB81-F56370D463D2}.Debug|Any CPU.Build.0 = Debug|Any CPU
		{754BD214-FDE9-456D-AB81-F56370D463D2}.Debug|x64.ActiveCfg = Debug|Any CPU
		{754BD214-FDE9-456D-AB81-F56370D463D2}.Debug|x64.Build.0 = Debug|Any CPU
		{754BD214-FDE9-456D-AB81-F56370D463D2}.Debug|x86.ActiveCfg = Debug|Any CPU
		{754BD214-FDE9-456D-AB81-F56370D463D2}.Debug|x86.Build.0 = Debug|Any CPU
		{754BD214-FDE9-456D-AB81-F56370D463D2}.Release|Any CPU.ActiveCfg = Release|Any CPU
		{754BD214-FDE9-456D-AB81-F56370D463D2}.Release|Any CPU.Build.0 = Release|Any CPU
		{754BD214-FDE9-456D-AB81-F56370D463D2}.Release|x64.ActiveCfg = Release|Any CPU
		{754BD214-FDE9-456D-AB81-F56370D463D2}.Release|x64.Build.0 = Release|Any CPU
		{754BD214-FDE9-456D-AB81-F56370D463D2}.Release|x86.ActiveCfg = Release|Any CPU
		{754BD214-FDE9-456D-AB81-F56370D463D2}.Release|x86.Build.0 = Release|Any CPU
	EndGlobalSection
	GlobalSection(SolutionProperties) = preSolution
		HideSolutionNode = FALSE
	EndGlobalSection
	GlobalSection(NestedProjects) = preSolution
		{E96883B0-173E-4AD8-8B83-8EF3C171017F} = {479EA6C2-A071-430F-ABDD-421B45AC213D}
		{A635C5C0-E27F-4B44-A252-D1D7099083D1} = {479EA6C2-A071-430F-ABDD-421B45AC213D}
		{F3BB6C19-DEE5-4555-AA08-D6F78BB767E6} = {479EA6C2-A071-430F-ABDD-421B45AC213D}
		{9C343CD6-E32C-4A43-9A30-63F75C1B07F6} = {479EA6C2-A071-430F-ABDD-421B45AC213D}
		{3A3D2368-F5CB-454D-B430-FF3AA141FAFF} = {479EA6C2-A071-430F-ABDD-421B45AC213D}
		{E1D4BCE6-653D-4D1B-A8DE-48E198159A0A} = {479EA6C2-A071-430F-ABDD-421B45AC213D}
		{7A7D75B1-5F04-44D0-AD14-BA52759E4666} = {479EA6C2-A071-430F-ABDD-421B45AC213D}
		{CAE08A01-E490-472A-93FD-8F7B2FE1E5FB} = {6E385C23-100A-42C8-ABE7-940ACC0A0E1C}
		{39F06FFF-6E69-4DF3-998F-BB40B19E211F} = {6E385C23-100A-42C8-ABE7-940ACC0A0E1C}
		{754BD214-FDE9-456D-AB81-F56370D463D2} = {6E385C23-100A-42C8-ABE7-940ACC0A0E1C}
		{FF23A989-AEEE-7FA4-D68C-814E969819DE} = {479EA6C2-A071-430F-ABDD-421B45AC213D}
		{1EDBFCD5-75C6-A9A3-FBBB-5948CC2BC70F} = {FF23A989-AEEE-7FA4-D68C-814E969819DE}
		{F1159B11-9D3C-A9F8-5441-F00EFF9144BC} = {FF23A989-AEEE-7FA4-D68C-814E969819DE}
		{61C74D48-DF0E-9358-6E5A-632461AEC3CB} = {479EA6C2-A071-430F-ABDD-421B45AC213D}
	EndGlobalSection
EndGlobal
